// !$*UTF8*$!
{
	archiveVersion = 1;
	classes = {
	};
	objectVersion = 46;
	objects = {

/* Begin PBXBuildFile section */
		ED4E1F9E1E3D29BF009E46DD /* MainTableViewController.swift in Sources */ = {isa = PBXBuildFile; fileRef = ED4E1F9D1E3D29BF009E46DD /* MainTableViewController.swift */; };
		ED4E1FA21E3D4D09009E46DD /* ActivityTableViewController.swift in Sources */ = {isa = PBXBuildFile; fileRef = ED4E1FA11E3D4D09009E46DD /* ActivityTableViewController.swift */; };
		EDBECA511E367BE70048B079 /* AppDelegate.swift in Sources */ = {isa = PBXBuildFile; fileRef = EDBECA501E367BE70048B079 /* AppDelegate.swift */; };
		EDBECA531E367BE70048B079 /* ViewController.swift in Sources */ = {isa = PBXBuildFile; fileRef = EDBECA521E367BE70048B079 /* ViewController.swift */; };
		EDBECA581E367BE70048B079 /* Assets.xcassets in Resources */ = {isa = PBXBuildFile; fileRef = EDBECA571E367BE70048B079 /* Assets.xcassets */; };
		EDBECA5B1E367BE70048B079 /* LaunchScreen.storyboard in Resources */ = {isa = PBXBuildFile; fileRef = EDBECA591E367BE70048B079 /* LaunchScreen.storyboard */; };
		EDBECA661E367BE80048B079 /* ActividadesIZVTests.swift in Sources */ = {isa = PBXBuildFile; fileRef = EDBECA651E367BE80048B079 /* ActividadesIZVTests.swift */; };
		EDBECA711E367BE80048B079 /* ActividadesIZVUITests.swift in Sources */ = {isa = PBXBuildFile; fileRef = EDBECA701E367BE80048B079 /* ActividadesIZVUITests.swift */; };
		EDC131461E3865DD00DF5C99 /* Actividad.swift in Sources */ = {isa = PBXBuildFile; fileRef = EDC131451E3865DD00DF5C99 /* Actividad.swift */; };
		EDC131481E38660F00DF5C99 /* Api.swift in Sources */ = {isa = PBXBuildFile; fileRef = EDC131471E38660F00DF5C99 /* Api.swift */; };
		EDC1314A1E38663500DF5C99 /* Profesor.swift in Sources */ = {isa = PBXBuildFile; fileRef = EDC131491E38663500DF5C99 /* Profesor.swift */; };
		EDC1314C1E38665F00DF5C99 /* SendResponse.swift in Sources */ = {isa = PBXBuildFile; fileRef = EDC1314B1E38665F00DF5C99 /* SendResponse.swift */; };
		EDC131501E3866B300DF5C99 /* Grupo.swift in Sources */ = {isa = PBXBuildFile; fileRef = EDC1314F1E3866B300DF5C99 /* Grupo.swift */; };
		EDD4569C1E3CF56900014DE8 /* Main.storyboard in Resources */ = {isa = PBXBuildFile; fileRef = EDD4569A1E3CF56900014DE8 /* Main.storyboard */; };
		EDD5ADF91E39FE320074BECC /* Departamento.swift in Sources */ = {isa = PBXBuildFile; fileRef = EDD5ADF81E39FE320074BECC /* Departamento.swift */; };
/* End PBXBuildFile section */

/* Begin PBXContainerItemProxy section */
		EDBECA621E367BE80048B079 /* PBXContainerItemProxy */ = {
			isa = PBXContainerItemProxy;
			containerPortal = EDBECA451E367BE70048B079 /* Project object */;
			proxyType = 1;
			remoteGlobalIDString = EDBECA4C1E367BE70048B079;
			remoteInfo = ActividadesIZV;
		};
		EDBECA6D1E367BE80048B079 /* PBXContainerItemProxy */ = {
			isa = PBXContainerItemProxy;
			containerPortal = EDBECA451E367BE70048B079 /* Project object */;
			proxyType = 1;
			remoteGlobalIDString = EDBECA4C1E367BE70048B079;
			remoteInfo = ActividadesIZV;
		};
/* End PBXContainerItemProxy section */

/* Begin PBXFileReference section */
		ED4E1F9D1E3D29BF009E46DD /* MainTableViewController.swift */ = {isa = PBXFileReference; fileEncoding = 4; lastKnownFileType = sourcecode.swift; path = MainTableViewController.swift; sourceTree = "<group>"; };
		ED4E1FA11E3D4D09009E46DD /* ActivityTableViewController.swift */ = {isa = PBXFileReference; fileEncoding = 4; lastKnownFileType = sourcecode.swift; path = ActivityTableViewController.swift; sourceTree = "<group>"; };
		EDBECA4D1E367BE70048B079 /* ActividadesIZV.app */ = {isa = PBXFileReference; explicitFileType = wrapper.application; includeInIndex = 0; path = ActividadesIZV.app; sourceTree = BUILT_PRODUCTS_DIR; };
		EDBECA501E367BE70048B079 /* AppDelegate.swift */ = {isa = PBXFileReference; lastKnownFileType = sourcecode.swift; path = AppDelegate.swift; sourceTree = "<group>"; };
		EDBECA521E367BE70048B079 /* ViewController.swift */ = {isa = PBXFileReference; lastKnownFileType = sourcecode.swift; path = ViewController.swift; sourceTree = "<group>"; };
		EDBECA571E367BE70048B079 /* Assets.xcassets */ = {isa = PBXFileReference; lastKnownFileType = folder.assetcatalog; path = Assets.xcassets; sourceTree = "<group>"; };
		EDBECA5A1E367BE70048B079 /* Base */ = {isa = PBXFileReference; lastKnownFileType = file.storyboard; name = Base; path = Base.lproj/LaunchScreen.storyboard; sourceTree = "<group>"; };
		EDBECA5C1E367BE70048B079 /* Info.plist */ = {isa = PBXFileReference; lastKnownFileType = text.plist.xml; path = Info.plist; sourceTree = "<group>"; };
		EDBECA611E367BE80048B079 /* ActividadesIZVTests.xctest */ = {isa = PBXFileReference; explicitFileType = wrapper.cfbundle; includeInIndex = 0; path = ActividadesIZVTests.xctest; sourceTree = BUILT_PRODUCTS_DIR; };
		EDBECA651E367BE80048B079 /* ActividadesIZVTests.swift */ = {isa = PBXFileReference; lastKnownFileType = sourcecode.swift; path = ActividadesIZVTests.swift; sourceTree = "<group>"; };
		EDBECA671E367BE80048B079 /* Info.plist */ = {isa = PBXFileReference; lastKnownFileType = text.plist.xml; path = Info.plist; sourceTree = "<group>"; };
		EDBECA6C1E367BE80048B079 /* ActividadesIZVUITests.xctest */ = {isa = PBXFileReference; explicitFileType = wrapper.cfbundle; includeInIndex = 0; path = ActividadesIZVUITests.xctest; sourceTree = BUILT_PRODUCTS_DIR; };
		EDBECA701E367BE80048B079 /* ActividadesIZVUITests.swift */ = {isa = PBXFileReference; lastKnownFileType = sourcecode.swift; path = ActividadesIZVUITests.swift; sourceTree = "<group>"; };
		EDBECA721E367BE80048B079 /* Info.plist */ = {isa = PBXFileReference; lastKnownFileType = text.plist.xml; path = Info.plist; sourceTree = "<group>"; };
		EDC131451E3865DD00DF5C99 /* Actividad.swift */ = {isa = PBXFileReference; fileEncoding = 4; lastKnownFileType = sourcecode.swift; path = Actividad.swift; sourceTree = "<group>"; };
		EDC131471E38660F00DF5C99 /* Api.swift */ = {isa = PBXFileReference; fileEncoding = 4; lastKnownFileType = sourcecode.swift; path = Api.swift; sourceTree = "<group>"; };
		EDC131491E38663500DF5C99 /* Profesor.swift */ = {isa = PBXFileReference; fileEncoding = 4; lastKnownFileType = sourcecode.swift; path = Profesor.swift; sourceTree = "<group>"; };
		EDC1314B1E38665F00DF5C99 /* SendResponse.swift */ = {isa = PBXFileReference; fileEncoding = 4; lastKnownFileType = sourcecode.swift; path = SendResponse.swift; sourceTree = "<group>"; };
		EDC1314F1E3866B300DF5C99 /* Grupo.swift */ = {isa = PBXFileReference; fileEncoding = 4; lastKnownFileType = sourcecode.swift; path = Grupo.swift; sourceTree = "<group>"; };
		EDD4569B1E3CF56900014DE8 /* Base */ = {isa = PBXFileReference; lastKnownFileType = file.storyboard; name = Base; path = ActividadesIZV/Base.lproj/Main.storyboard; sourceTree = "<group>"; };
		EDD5ADF81E39FE320074BECC /* Departamento.swift */ = {isa = PBXFileReference; fileEncoding = 4; lastKnownFileType = sourcecode.swift; path = Departamento.swift; sourceTree = "<group>"; };
/* End PBXFileReference section */

/* Begin PBXFrameworksBuildPhase section */
		EDBECA4A1E367BE70048B079 /* Frameworks */ = {
			isa = PBXFrameworksBuildPhase;
			buildActionMask = 2147483647;
			files = (
			);
			runOnlyForDeploymentPostprocessing = 0;
		};
		EDBECA5E1E367BE80048B079 /* Frameworks */ = {
			isa = PBXFrameworksBuildPhase;
			buildActionMask = 2147483647;
			files = (
			);
			runOnlyForDeploymentPostprocessing = 0;
		};
		EDBECA691E367BE80048B079 /* Frameworks */ = {
			isa = PBXFrameworksBuildPhase;
			buildActionMask = 2147483647;
			files = (
			);
			runOnlyForDeploymentPostprocessing = 0;
		};
/* End PBXFrameworksBuildPhase section */

/* Begin PBXGroup section */
		EDA5E9AA1E392E4A008E0F25 /* Controladores */ = {
			isa = PBXGroup;
			children = (
				ED4E1F9D1E3D29BF009E46DD /* MainTableViewController.swift */,
				ED4E1FA11E3D4D09009E46DD /* ActivityTableViewController.swift */,
			);
			name = Controladores;
			sourceTree = "<group>";
		};
		EDBECA441E367BE70048B079 = {
			isa = PBXGroup;
			children = (
				EDBECA4F1E367BE70048B079 /* ActividadesIZV */,
				EDBECA641E367BE80048B079 /* ActividadesIZVTests */,
				EDBECA6F1E367BE80048B079 /* ActividadesIZVUITests */,
				EDBECA4E1E367BE70048B079 /* Products */,
			);
			sourceTree = "<group>";
		};
		EDBECA4E1E367BE70048B079 /* Products */ = {
			isa = PBXGroup;
			children = (
				EDBECA4D1E367BE70048B079 /* ActividadesIZV.app */,
				EDBECA611E367BE80048B079 /* ActividadesIZVTests.xctest */,
				EDBECA6C1E367BE80048B079 /* ActividadesIZVUITests.xctest */,
			);
			name = Products;
			sourceTree = "<group>";
		};
		EDBECA4F1E367BE70048B079 /* ActividadesIZV */ = {
			isa = PBXGroup;
			children = (
				EDA5E9AA1E392E4A008E0F25 /* Controladores */,
				EDC131521E38671500DF5C99 /* Protocolos */,
				EDC131511E3866C600DF5C99 /* Clases */,
				EDBECA501E367BE70048B079 /* AppDelegate.swift */,
				EDBECA521E367BE70048B079 /* ViewController.swift */,
				EDBECA571E367BE70048B079 /* Assets.xcassets */,
				EDD4569A1E3CF56900014DE8 /* Main.storyboard */,
				EDBECA591E367BE70048B079 /* LaunchScreen.storyboard */,
				EDBECA5C1E367BE70048B079 /* Info.plist */,
			);
			path = ActividadesIZV;
			sourceTree = "<group>";
		};
		EDBECA641E367BE80048B079 /* ActividadesIZVTests */ = {
			isa = PBXGroup;
			children = (
				EDBECA651E367BE80048B079 /* ActividadesIZVTests.swift */,
				EDBECA671E367BE80048B079 /* Info.plist */,
			);
			path = ActividadesIZVTests;
			sourceTree = "<group>";
		};
		EDBECA6F1E367BE80048B079 /* ActividadesIZVUITests */ = {
			isa = PBXGroup;
			children = (
				EDBECA701E367BE80048B079 /* ActividadesIZVUITests.swift */,
				EDBECA721E367BE80048B079 /* Info.plist */,
			);
			path = ActividadesIZVUITests;
			sourceTree = "<group>";
		};
		EDC131511E3866C600DF5C99 /* Clases */ = {
			isa = PBXGroup;
			children = (
				EDC1314F1E3866B300DF5C99 /* Grupo.swift */,
				EDD5ADF81E39FE320074BECC /* Departamento.swift */,
				EDC131451E3865DD00DF5C99 /* Actividad.swift */,
				EDC131471E38660F00DF5C99 /* Api.swift */,
				EDC131491E38663500DF5C99 /* Profesor.swift */,
			);
			name = Clases;
			sourceTree = "<group>";
		};
		EDC131521E38671500DF5C99 /* Protocolos */ = {
			isa = PBXGroup;
			children = (
				EDC1314B1E38665F00DF5C99 /* SendResponse.swift */,
			);
			name = Protocolos;
			sourceTree = "<group>";
		};
/* End PBXGroup section */

/* Begin PBXNativeTarget section */
		EDBECA4C1E367BE70048B079 /* ActividadesIZV */ = {
			isa = PBXNativeTarget;
			buildConfigurationList = EDBECA751E367BE80048B079 /* Build configuration list for PBXNativeTarget "ActividadesIZV" */;
			buildPhases = (
				EDBECA491E367BE70048B079 /* Sources */,
				EDBECA4A1E367BE70048B079 /* Frameworks */,
				EDBECA4B1E367BE70048B079 /* Resources */,
			);
			buildRules = (
			);
			dependencies = (
			);
			name = ActividadesIZV;
			productName = ActividadesIZV;
			productReference = EDBECA4D1E367BE70048B079 /* ActividadesIZV.app */;
			productType = "com.apple.product-type.application";
		};
		EDBECA601E367BE80048B079 /* ActividadesIZVTests */ = {
			isa = PBXNativeTarget;
			buildConfigurationList = EDBECA781E367BE80048B079 /* Build configuration list for PBXNativeTarget "ActividadesIZVTests" */;
			buildPhases = (
				EDBECA5D1E367BE80048B079 /* Sources */,
				EDBECA5E1E367BE80048B079 /* Frameworks */,
				EDBECA5F1E367BE80048B079 /* Resources */,
			);
			buildRules = (
			);
			dependencies = (
				EDBECA631E367BE80048B079 /* PBXTargetDependency */,
			);
			name = ActividadesIZVTests;
			productName = ActividadesIZVTests;
			productReference = EDBECA611E367BE80048B079 /* ActividadesIZVTests.xctest */;
			productType = "com.apple.product-type.bundle.unit-test";
		};
		EDBECA6B1E367BE80048B079 /* ActividadesIZVUITests */ = {
			isa = PBXNativeTarget;
			buildConfigurationList = EDBECA7B1E367BE80048B079 /* Build configuration list for PBXNativeTarget "ActividadesIZVUITests" */;
			buildPhases = (
				EDBECA681E367BE80048B079 /* Sources */,
				EDBECA691E367BE80048B079 /* Frameworks */,
				EDBECA6A1E367BE80048B079 /* Resources */,
			);
			buildRules = (
			);
			dependencies = (
				EDBECA6E1E367BE80048B079 /* PBXTargetDependency */,
			);
			name = ActividadesIZVUITests;
			productName = ActividadesIZVUITests;
			productReference = EDBECA6C1E367BE80048B079 /* ActividadesIZVUITests.xctest */;
			productType = "com.apple.product-type.bundle.ui-testing";
		};
/* End PBXNativeTarget section */

/* Begin PBXProject section */
		EDBECA451E367BE70048B079 /* Project object */ = {
			isa = PBXProject;
			attributes = {
				LastSwiftUpdateCheck = 0820;
				LastUpgradeCheck = 0820;
				ORGANIZATIONNAME = Fernando;
				TargetAttributes = {
					EDBECA4C1E367BE70048B079 = {
						CreatedOnToolsVersion = 8.2.1;
						DevelopmentTeam = LG7RAWB84E;
						ProvisioningStyle = Automatic;
					};
					EDBECA601E367BE80048B079 = {
						CreatedOnToolsVersion = 8.2.1;
						DevelopmentTeam = LG7RAWB84E;
						ProvisioningStyle = Automatic;
						TestTargetID = EDBECA4C1E367BE70048B079;
					};
					EDBECA6B1E367BE80048B079 = {
						CreatedOnToolsVersion = 8.2.1;
						DevelopmentTeam = LG7RAWB84E;
						ProvisioningStyle = Automatic;
						TestTargetID = EDBECA4C1E367BE70048B079;
					};
				};
			};
			buildConfigurationList = EDBECA481E367BE70048B079 /* Build configuration list for PBXProject "ActividadesIZV" */;
			compatibilityVersion = "Xcode 3.2";
			developmentRegion = English;
			hasScannedForEncodings = 0;
			knownRegions = (
				en,
				Base,
			);
			mainGroup = EDBECA441E367BE70048B079;
			productRefGroup = EDBECA4E1E367BE70048B079 /* Products */;
			projectDirPath = "";
			projectRoot = "";
			targets = (
				EDBECA4C1E367BE70048B079 /* ActividadesIZV */,
				EDBECA601E367BE80048B079 /* ActividadesIZVTests */,
				EDBECA6B1E367BE80048B079 /* ActividadesIZVUITests */,
			);
		};
/* End PBXProject section */

/* Begin PBXResourcesBuildPhase section */
		EDBECA4B1E367BE70048B079 /* Resources */ = {
			isa = PBXResourcesBuildPhase;
			buildActionMask = 2147483647;
			files = (
				EDD4569C1E3CF56900014DE8 /* Main.storyboard in Resources */,
				EDBECA5B1E367BE70048B079 /* LaunchScreen.storyboard in Resources */,
				EDBECA581E367BE70048B079 /* Assets.xcassets in Resources */,
			);
			runOnlyForDeploymentPostprocessing = 0;
		};
		EDBECA5F1E367BE80048B079 /* Resources */ = {
			isa = PBXResourcesBuildPhase;
			buildActionMask = 2147483647;
			files = (
			);
			runOnlyForDeploymentPostprocessing = 0;
		};
		EDBECA6A1E367BE80048B079 /* Resources */ = {
			isa = PBXResourcesBuildPhase;
			buildActionMask = 2147483647;
			files = (
			);
			runOnlyForDeploymentPostprocessing = 0;
		};
/* End PBXResourcesBuildPhase section */

/* Begin PBXSourcesBuildPhase section */
		EDBECA491E367BE70048B079 /* Sources */ = {
			isa = PBXSourcesBuildPhase;
			buildActionMask = 2147483647;
			files = (
				ED4E1FA21E3D4D09009E46DD /* ActivityTableViewController.swift in Sources */,
				EDC131461E3865DD00DF5C99 /* Actividad.swift in Sources */,
				EDBECA531E367BE70048B079 /* ViewController.swift in Sources */,
				EDD5ADF91E39FE320074BECC /* Departamento.swift in Sources */,
				EDC131501E3866B300DF5C99 /* Grupo.swift in Sources */,
				EDC1314C1E38665F00DF5C99 /* SendResponse.swift in Sources */,
				EDC131481E38660F00DF5C99 /* Api.swift in Sources */,
				EDBECA511E367BE70048B079 /* AppDelegate.swift in Sources */,
				EDC1314A1E38663500DF5C99 /* Profesor.swift in Sources */,
				ED4E1F9E1E3D29BF009E46DD /* MainTableViewController.swift in Sources */,
			);
			runOnlyForDeploymentPostprocessing = 0;
		};
		EDBECA5D1E367BE80048B079 /* Sources */ = {
			isa = PBXSourcesBuildPhase;
			buildActionMask = 2147483647;
			files = (
				EDBECA661E367BE80048B079 /* ActividadesIZVTests.swift in Sources */,
			);
			runOnlyForDeploymentPostprocessing = 0;
		};
		EDBECA681E367BE80048B079 /* Sources */ = {
			isa = PBXSourcesBuildPhase;
			buildActionMask = 2147483647;
			files = (
				EDBECA711E367BE80048B079 /* ActividadesIZVUITests.swift in Sources */,
			);
			runOnlyForDeploymentPostprocessing = 0;
		};
/* End PBXSourcesBuildPhase section */

/* Begin PBXTargetDependency section */
		EDBECA631E367BE80048B079 /* PBXTargetDependency */ = {
			isa = PBXTargetDependency;
			target = EDBECA4C1E367BE70048B079 /* ActividadesIZV */;
			targetProxy = EDBECA621E367BE80048B079 /* PBXContainerItemProxy */;
		};
		EDBECA6E1E367BE80048B079 /* PBXTargetDependency */ = {
			isa = PBXTargetDependency;
			target = EDBECA4C1E367BE70048B079 /* ActividadesIZV */;
			targetProxy = EDBECA6D1E367BE80048B079 /* PBXContainerItemProxy */;
		};
/* End PBXTargetDependency section */

/* Begin PBXVariantGroup section */
		EDBECA591E367BE70048B079 /* LaunchScreen.storyboard */ = {
			isa = PBXVariantGroup;
			children = (
				EDBECA5A1E367BE70048B079 /* Base */,
			);
			name = LaunchScreen.storyboard;
			sourceTree = "<group>";
		};
		EDD4569A1E3CF56900014DE8 /* Main.storyboard */ = {
			isa = PBXVariantGroup;
			children = (
				EDD4569B1E3CF56900014DE8 /* Base */,
			);
			name = Main.storyboard;
			path = ..;
			sourceTree = "<group>";
		};
/* End PBXVariantGroup section */

/* Begin XCBuildConfiguration section */
		EDBECA731E367BE80048B079 /* Debug */ = {
			isa = XCBuildConfiguration;
			buildSettings = {
				ALWAYS_SEARCH_USER_PATHS = NO;
				CLANG_ANALYZER_NONNULL = YES;
				CLANG_CXX_LANGUAGE_STANDARD = "gnu++0x";
				CLANG_CXX_LIBRARY = "libc++";
				CLANG_ENABLE_MODULES = YES;
				CLANG_ENABLE_OBJC_ARC = YES;
				CLANG_WARN_BOOL_CONVERSION = YES;
				CLANG_WARN_CONSTANT_CONVERSION = YES;
				CLANG_WARN_DIRECT_OBJC_ISA_USAGE = YES_ERROR;
				CLANG_WARN_DOCUMENTATION_COMMENTS = YES;
				CLANG_WARN_EMPTY_BODY = YES;
				CLANG_WARN_ENUM_CONVERSION = YES;
				CLANG_WARN_INFINITE_RECURSION = YES;
				CLANG_WARN_INT_CONVERSION = YES;
				CLANG_WARN_OBJC_ROOT_CLASS = YES_ERROR;
				CLANG_WARN_SUSPICIOUS_MOVE = YES;
				CLANG_WARN_UNREACHABLE_CODE = YES;
				CLANG_WARN__DUPLICATE_METHOD_MATCH = YES;
				"CODE_SIGN_IDENTITY[sdk=iphoneos*]" = "iPhone Developer";
				COPY_PHASE_STRIP = NO;
				DEBUG_INFORMATION_FORMAT = dwarf;
				ENABLE_STRICT_OBJC_MSGSEND = YES;
				ENABLE_TESTABILITY = YES;
				GCC_C_LANGUAGE_STANDARD = gnu99;
				GCC_DYNAMIC_NO_PIC = NO;
				GCC_NO_COMMON_BLOCKS = YES;
				GCC_OPTIMIZATION_LEVEL = 0;
				GCC_PREPROCESSOR_DEFINITIONS = (
					"DEBUG=1",
					"$(inherited)",
				);
				GCC_WARN_64_TO_32_BIT_CONVERSION = YES;
				GCC_WARN_ABOUT_RETURN_TYPE = YES_ERROR;
				GCC_WARN_UNDECLARED_SELECTOR = YES;
				GCC_WARN_UNINITIALIZED_AUTOS = YES_AGGRESSIVE;
				GCC_WARN_UNUSED_FUNCTION = YES;
				GCC_WARN_UNUSED_VARIABLE = YES;
				IPHONEOS_DEPLOYMENT_TARGET = 10.2;
				MTL_ENABLE_DEBUG_INFO = YES;
				ONLY_ACTIVE_ARCH = YES;
				SDKROOT = iphoneos;
				SWIFT_ACTIVE_COMPILATION_CONDITIONS = DEBUG;
				SWIFT_OPTIMIZATION_LEVEL = "-Onone";
				TARGETED_DEVICE_FAMILY = "1,2";
			};
			name = Debug;
		};
		EDBECA741E367BE80048B079 /* Release */ = {
			isa = XCBuildConfiguration;
			buildSettings = {
				ALWAYS_SEARCH_USER_PATHS = NO;
				CLANG_ANALYZER_NONNULL = YES;
				CLANG_CXX_LANGUAGE_STANDARD = "gnu++0x";
				CLANG_CXX_LIBRARY = "libc++";
				CLANG_ENABLE_MODULES = YES;
				CLANG_ENABLE_OBJC_ARC = YES;
				CLANG_WARN_BOOL_CONVERSION = YES;
				CLANG_WARN_CONSTANT_CONVERSION = YES;
				CLANG_WARN_DIRECT_OBJC_ISA_USAGE = YES_ERROR;
				CLANG_WARN_DOCUMENTATION_COMMENTS = YES;
				CLANG_WARN_EMPTY_BODY = YES;
				CLANG_WARN_ENUM_CONVERSION = YES;
				CLANG_WARN_INFINITE_RECURSION = YES;
				CLANG_WARN_INT_CONVERSION = YES;
				CLANG_WARN_OBJC_ROOT_CLASS = YES_ERROR;
				CLANG_WARN_SUSPICIOUS_MOVE = YES;
				CLANG_WARN_UNREACHABLE_CODE = YES;
				CLANG_WARN__DUPLICATE_METHOD_MATCH = YES;
				"CODE_SIGN_IDENTITY[sdk=iphoneos*]" = "iPhone Developer";
				COPY_PHASE_STRIP = NO;
				DEBUG_INFORMATION_FORMAT = "dwarf-with-dsym";
				ENABLE_NS_ASSERTIONS = NO;
				ENABLE_STRICT_OBJC_MSGSEND = YES;
				GCC_C_LANGUAGE_STANDARD = gnu99;
				GCC_NO_COMMON_BLOCKS = YES;
				GCC_WARN_64_TO_32_BIT_CONVERSION = YES;
				GCC_WARN_ABOUT_RETURN_TYPE = YES_ERROR;
				GCC_WARN_UNDECLARED_SELECTOR = YES;
				GCC_WARN_UNINITIALIZED_AUTOS = YES_AGGRESSIVE;
				GCC_WARN_UNUSED_FUNCTION = YES;
				GCC_WARN_UNUSED_VARIABLE = YES;
				IPHONEOS_DEPLOYMENT_TARGET = 10.2;
				MTL_ENABLE_DEBUG_INFO = NO;
				SDKROOT = iphoneos;
				SWIFT_OPTIMIZATION_LEVEL = "-Owholemodule";
				TARGETED_DEVICE_FAMILY = "1,2";
				VALIDATE_PRODUCT = YES;
			};
			name = Release;
		};
		EDBECA761E367BE80048B079 /* Debug */ = {
			isa = XCBuildConfiguration;
			buildSettings = {
				ASSETCATALOG_COMPILER_APPICON_NAME = AppIcon;
				DEVELOPMENT_TEAM = LG7RAWB84E;
				INFOPLIST_FILE = ActividadesIZV/Info.plist;
				LD_RUNPATH_SEARCH_PATHS = "$(inherited) @executable_path/Frameworks";
				PRODUCT_BUNDLE_IDENTIFIER = com.example.ActividadesIZV;
				PRODUCT_NAME = "$(TARGET_NAME)";
				SWIFT_VERSION = 3.0;
			};
			name = Debug;
		};
		EDBECA771E367BE80048B079 /* Release */ = {
			isa = XCBuildConfiguration;
			buildSettings = {
				ASSETCATALOG_COMPILER_APPICON_NAME = AppIcon;
				DEVELOPMENT_TEAM = LG7RAWB84E;
				INFOPLIST_FILE = ActividadesIZV/Info.plist;
				LD_RUNPATH_SEARCH_PATHS = "$(inherited) @executable_path/Frameworks";
				PRODUCT_BUNDLE_IDENTIFIER = com.example.ActividadesIZV;
				PRODUCT_NAME = "$(TARGET_NAME)";
				SWIFT_VERSION = 3.0;
			};
			name = Release;
		};
		EDBECA791E367BE80048B079 /* Debug */ = {
			isa = XCBuildConfiguration;
			buildSettings = {
				ALWAYS_EMBED_SWIFT_STANDARD_LIBRARIES = YES;
				BUNDLE_LOADER = "$(TEST_HOST)";
				DEVELOPMENT_TEAM = LG7RAWB84E;
				INFOPLIST_FILE = ActividadesIZVTests/Info.plist;
				LD_RUNPATH_SEARCH_PATHS = "$(inherited) @executable_path/Frameworks @loader_path/Frameworks";
				PRODUCT_BUNDLE_IDENTIFIER = com.example.ActividadesIZVTests;
				PRODUCT_NAME = "$(TARGET_NAME)";
				SWIFT_VERSION = 3.0;
				TEST_HOST = "$(BUILT_PRODUCTS_DIR)/ActividadesIZV.app/ActividadesIZV";
			};
			name = Debug;
		};
		EDBECA7A1E367BE80048B079 /* Release */ = {
			isa = XCBuildConfiguration;
			buildSettings = {
				ALWAYS_EMBED_SWIFT_STANDARD_LIBRARIES = YES;
				BUNDLE_LOADER = "$(TEST_HOST)";
				DEVELOPMENT_TEAM = LG7RAWB84E;
				INFOPLIST_FILE = ActividadesIZVTests/Info.plist;
				LD_RUNPATH_SEARCH_PATHS = "$(inherited) @executable_path/Frameworks @loader_path/Frameworks";
				PRODUCT_BUNDLE_IDENTIFIER = com.example.ActividadesIZVTests;
				PRODUCT_NAME = "$(TARGET_NAME)";
				SWIFT_VERSION = 3.0;
				TEST_HOST = "$(BUILT_PRODUCTS_DIR)/ActividadesIZV.app/ActividadesIZV";
			};
			name = Release;
		};
		EDBECA7C1E367BE80048B079 /* Debug */ = {
			isa = XCBuildConfiguration;
			buildSettings = {
				ALWAYS_EMBED_SWIFT_STANDARD_LIBRARIES = YES;
				DEVELOPMENT_TEAM = LG7RAWB84E;
				INFOPLIST_FILE = ActividadesIZVUITests/Info.plist;
				LD_RUNPATH_SEARCH_PATHS = "$(inherited) @executable_path/Frameworks @loader_path/Frameworks";
				PRODUCT_BUNDLE_IDENTIFIER = com.example.ActividadesIZVUITests;
				PRODUCT_NAME = "$(TARGET_NAME)";
				SWIFT_VERSION = 3.0;
				TEST_TARGET_NAME = ActividadesIZV;
			};
			name = Debug;
		};
		EDBECA7D1E367BE80048B079 /* Release */ = {
			isa = XCBuildConfiguration;
			buildSettings = {
				ALWAYS_EMBED_SWIFT_STANDARD_LIBRARIES = YES;
				DEVELOPMENT_TEAM = LG7RAWB84E;
				INFOPLIST_FILE = ActividadesIZVUITests/Info.plist;
				LD_RUNPATH_SEARCH_PATHS = "$(inherited) @executable_path/Frameworks @loader_path/Frameworks";
				PRODUCT_BUNDLE_IDENTIFIER = com.example.ActividadesIZVUITests;
				PRODUCT_NAME = "$(TARGET_NAME)";
				SWIFT_VERSION = 3.0;
				TEST_TARGET_NAME = ActividadesIZV;
			};
			name = Release;
		};
/* End XCBuildConfiguration section */

/* Begin XCConfigurationList section */
		EDBECA481E367BE70048B079 /* Build configuration list for PBXProject "ActividadesIZV" */ = {
			isa = XCConfigurationList;
			buildConfigurations = (
				EDBECA731E367BE80048B079 /* Debug */,
				EDBECA741E367BE80048B079 /* Release */,
			);
			defaultConfigurationIsVisible = 0;
			defaultConfigurationName = Release;
		};
		EDBECA751E367BE80048B079 /* Build configuration list for PBXNativeTarget "ActividadesIZV" */ = {
			isa = XCConfigurationList;
			buildConfigurations = (
				EDBECA761E367BE80048B079 /* Debug */,
				EDBECA771E367BE80048B079 /* Release */,
			);
			defaultConfigurationIsVisible = 0;
			defaultConfigurationName = Release;
		};
		EDBECA781E367BE80048B079 /* Build configuration list for PBXNativeTarget "ActividadesIZVTests" */ = {
			isa = XCConfigurationList;
			buildConfigurations = (
				EDBECA791E367BE80048B079 /* Debug */,
				EDBECA7A1E367BE80048B079 /* Release */,
			);
			defaultConfigurationIsVisible = 0;
			defaultConfigurationName = Release;
		};
		EDBECA7B1E367BE80048B079 /* Build configuration list for PBXNativeTarget "ActividadesIZVUITests" */ = {
			isa = XCConfigurationList;
			buildConfigurations = (
				EDBECA7C1E367BE80048B079 /* Debug */,
				EDBECA7D1E367BE80048B079 /* Release */,
			);
			defaultConfigurationIsVisible = 0;
			defaultConfigurationName = Release;
		};
/* End XCConfigurationList section */
	};
	rootObject = EDBECA451E367BE70048B079 /* Project object */;
}
